
Microsoft Visual Studio Solution File, Format Version 12.00
# Visual Studio Version 16
VisualStudioVersion = 16.0.29215.179
MinimumVisualStudioVersion = 10.0.40219.1
Project("{2150E333-8FDC-42A3-9474-1A3956D46DE8}") = "KnapsackBag", "KnapsackBag", "{2F8C4D81-B74F-4713-B2E4-B4DE750F59D3}"
EndProject
Project("{9A19103F-16F7-4668-BE54-9A1E7A4F7556}") = "KnapsackBag", "src\KnapsackBag\KnapsackBag.csproj", "{32ABF870-E6D5-4769-9E51-548A42EA0CB1}"
EndProject
Project("{9A19103F-16F7-4668-BE54-9A1E7A4F7556}") = "KnapsackBagTest", "test\KnapsackBagTest\KnapsackBagTest.csproj", "{6971CEFE-B3D5-4BFA-9597-AC65D6D0C391}"
EndProject
Project("{2150E333-8FDC-42A3-9474-1A3956D46DE8}") = "GoldMine", "GoldMine", "{F4DAFAB6-9789-4B09-AEE1-C5F6126AD2DE}"
EndProject
Project("{9A19103F-16F7-4668-BE54-9A1E7A4F7556}") = "GoldMine", "src\GoldMine\GoldMine.csproj", "{772E11A4-8978-4E6F-85FB-9A091ACBCB4D}"
EndProject
Project("{9A19103F-16F7-4668-BE54-9A1E7A4F7556}") = "GoldMineTest", "test\GoldMineTest\GoldMineTest.csproj", "{A359FB9E-336A-480F-937D-008D3A8DBEBC}"
EndProject
Project("{2150E333-8FDC-42A3-9474-1A3956D46DE8}") = "LCS", "LCS", "{A93256D1-255C-4190-96F1-37ED3EE3F8F9}"
EndProject
Project("{9A19103F-16F7-4668-BE54-9A1E7A4F7556}") = "Lcs", "src\Lcs\Lcs.csproj", "{872E799D-0DF2-4A54-94B8-071A36FF9FF1}"
EndProject
Project("{9A19103F-16F7-4668-BE54-9A1E7A4F7556}") = "LcsTest", "test\LcsTest\LcsTest.csproj", "{7CD39EFC-7A64-41FD-A769-FC2C6B667335}"
EndProject
Project("{2150E333-8FDC-42A3-9474-1A3956D46DE8}") = "LIS", "LIS", "{3CA911ED-ACDC-463F-B44A-8AFD250675A7}"
EndProject
Project("{9A19103F-16F7-4668-BE54-9A1E7A4F7556}") = "Lis", "src\LIS\Lis.csproj", "{0C5CC408-9CD7-4E4E-BC4E-053FC6EBED59}"
EndProject
Project("{9A19103F-16F7-4668-BE54-9A1E7A4F7556}") = "LisTest", "test\LisTest\LisTest.csproj", "{19C20E86-3E04-4605-8A3C-121CA4090417}"
EndProject
Project("{2150E333-8FDC-42A3-9474-1A3956D46DE8}") = "EditDistance", "EditDistance", "{841F206E-4B65-4ED9-9FAB-1BBC79AE18FD}"
EndProject
Project("{9A19103F-16F7-4668-BE54-9A1E7A4F7556}") = "EditDistance", "src\EditDistance\EditDistance.csproj", "{35A8FEFC-1D70-44D4-8B0E-3F54566EA6F2}"
EndProject
Project("{9A19103F-16F7-4668-BE54-9A1E7A4F7556}") = "EditDistanceTest", "test\EditDistanceTest\EditDistanceTest.csproj", "{67EC441E-62F8-431E-9245-C06EB4B6DA31}"
EndProject
Project("{2150E333-8FDC-42A3-9474-1A3956D46DE8}") = "SubsetSum", "SubsetSum", "{699B6C77-DD3F-460F-A590-D9701440CED0}"
EndProject
Project("{9A19103F-16F7-4668-BE54-9A1E7A4F7556}") = "SubsetSumTest", "test\SubsetSumTest\SubsetSumTest.csproj", "{4C810DB3-EC9F-4A70-AF4E-9970A9B92682}"
EndProject
Project("{9A19103F-16F7-4668-BE54-9A1E7A4F7556}") = "SubsetSum", "src\SubsetSum\SubsetSum.csproj", "{C0578274-81EA-46AA-A8A1-E9A044183049}"
EndProject
Project("{2150E333-8FDC-42A3-9474-1A3956D46DE8}") = "Knapsack", "Knapsack", "{9DB8FA0C-C8B8-4A64-916B-2E26973F9425}"
EndProject
Project("{FAE04EC0-301F-11D3-BF4B-00C04F79EFBC}") = "Knapsack", "src\Knapsack\Knapsack.csproj", "{DC4FF757-34C2-45C3-998A-75B1CBF74EF6}"
EndProject
Project("{FAE04EC0-301F-11D3-BF4B-00C04F79EFBC}") = "KnapsackTest", "test\KnapsackTest\KnapsackTest.csproj", "{B4404032-F371-44FD-B864-7FFFAA2A3710}"
EndProject
Global
	GlobalSection(SolutionConfigurationPlatforms) = preSolution
		Debug|Any CPU = Debug|Any CPU
		Release|Any CPU = Release|Any CPU
	EndGlobalSection
	GlobalSection(ProjectConfigurationPlatforms) = postSolution
		{32ABF870-E6D5-4769-9E51-548A42EA0CB1}.Debug|Any CPU.ActiveCfg = Debug|Any CPU
		{32ABF870-E6D5-4769-9E51-548A42EA0CB1}.Debug|Any CPU.Build.0 = Debug|Any CPU
		{32ABF870-E6D5-4769-9E51-548A42EA0CB1}.Release|Any CPU.ActiveCfg = Release|Any CPU
		{32ABF870-E6D5-4769-9E51-548A42EA0CB1}.Release|Any CPU.Build.0 = Release|Any CPU
		{6971CEFE-B3D5-4BFA-9597-AC65D6D0C391}.Debug|Any CPU.ActiveCfg = Debug|Any CPU
		{6971CEFE-B3D5-4BFA-9597-AC65D6D0C391}.Debug|Any CPU.Build.0 = Debug|Any CPU
		{6971CEFE-B3D5-4BFA-9597-AC65D6D0C391}.Release|Any CPU.ActiveCfg = Release|Any CPU
		{6971CEFE-B3D5-4BFA-9597-AC65D6D0C391}.Release|Any CPU.Build.0 = Release|Any CPU
		{772E11A4-8978-4E6F-85FB-9A091ACBCB4D}.Debug|Any CPU.ActiveCfg = Debug|Any CPU
		{772E11A4-8978-4E6F-85FB-9A091ACBCB4D}.Debug|Any CPU.Build.0 = Debug|Any CPU
		{772E11A4-8978-4E6F-85FB-9A091ACBCB4D}.Release|Any CPU.ActiveCfg = Release|Any CPU
		{772E11A4-8978-4E6F-85FB-9A091ACBCB4D}.Release|Any CPU.Build.0 = Release|Any CPU
		{A359FB9E-336A-480F-937D-008D3A8DBEBC}.Debug|Any CPU.ActiveCfg = Debug|Any CPU
		{A359FB9E-336A-480F-937D-008D3A8DBEBC}.Debug|Any CPU.Build.0 = Debug|Any CPU
		{A359FB9E-336A-480F-937D-008D3A8DBEBC}.Release|Any CPU.ActiveCfg = Release|Any CPU
		{A359FB9E-336A-480F-937D-008D3A8DBEBC}.Release|Any CPU.Build.0 = Release|Any CPU
		{872E799D-0DF2-4A54-94B8-071A36FF9FF1}.Debug|Any CPU.ActiveCfg = Debug|Any CPU
		{872E799D-0DF2-4A54-94B8-071A36FF9FF1}.Debug|Any CPU.Build.0 = Debug|Any CPU
		{872E799D-0DF2-4A54-94B8-071A36FF9FF1}.Release|Any CPU.ActiveCfg = Release|Any CPU
		{872E799D-0DF2-4A54-94B8-071A36FF9FF1}.Release|Any CPU.Build.0 = Release|Any CPU
		{7CD39EFC-7A64-41FD-A769-FC2C6B667335}.Debug|Any CPU.ActiveCfg = Debug|Any CPU
		{7CD39EFC-7A64-41FD-A769-FC2C6B667335}.Debug|Any CPU.Build.0 = Debug|Any CPU
		{7CD39EFC-7A64-41FD-A769-FC2C6B667335}.Release|Any CPU.ActiveCfg = Release|Any CPU
		{7CD39EFC-7A64-41FD-A769-FC2C6B667335}.Release|Any CPU.Build.0 = Release|Any CPU
		{0C5CC408-9CD7-4E4E-BC4E-053FC6EBED59}.Debug|Any CPU.ActiveCfg = Debug|Any CPU
		{0C5CC408-9CD7-4E4E-BC4E-053FC6EBED59}.Debug|Any CPU.Build.0 = Debug|Any CPU
		{0C5CC408-9CD7-4E4E-BC4E-053FC6EBED59}.Release|Any CPU.ActiveCfg = Release|Any CPU
		{0C5CC408-9CD7-4E4E-BC4E-053FC6EBED59}.Release|Any CPU.Build.0 = Release|Any CPU
		{19C20E86-3E04-4605-8A3C-121CA4090417}.Debug|Any CPU.ActiveCfg = Debug|Any CPU
		{19C20E86-3E04-4605-8A3C-121CA4090417}.Debug|Any CPU.Build.0 = Debug|Any CPU
		{19C20E86-3E04-4605-8A3C-121CA4090417}.Release|Any CPU.ActiveCfg = Release|Any CPU
		{19C20E86-3E04-4605-8A3C-121CA4090417}.Release|Any CPU.Build.0 = Release|Any CPU
		{35A8FEFC-1D70-44D4-8B0E-3F54566EA6F2}.Debug|Any CPU.ActiveCfg = Debug|Any CPU
		{35A8FEFC-1D70-44D4-8B0E-3F54566EA6F2}.Debug|Any CPU.Build.0 = Debug|Any CPU
		{35A8FEFC-1D70-44D4-8B0E-3F54566EA6F2}.Release|Any CPU.ActiveCfg = Release|Any CPU
		{35A8FEFC-1D70-44D4-8B0E-3F54566EA6F2}.Release|Any CPU.Build.0 = Release|Any CPU
		{67EC441E-62F8-431E-9245-C06EB4B6DA31}.Debug|Any CPU.ActiveCfg = Debug|Any CPU
		{67EC441E-62F8-431E-9245-C06EB4B6DA31}.Debug|Any CPU.Build.0 = Debug|Any CPU
		{67EC441E-62F8-431E-9245-C06EB4B6DA31}.Release|Any CPU.ActiveCfg = Release|Any CPU
		{67EC441E-62F8-431E-9245-C06EB4B6DA31}.Release|Any CPU.Build.0 = Release|Any CPU
		{4C810DB3-EC9F-4A70-AF4E-9970A9B92682}.Debug|Any CPU.ActiveCfg = Debug|Any CPU
		{4C810DB3-EC9F-4A70-AF4E-9970A9B92682}.Debug|Any CPU.Build.0 = Debug|Any CPU
		{4C810DB3-EC9F-4A70-AF4E-9970A9B92682}.Release|Any CPU.ActiveCfg = Release|Any CPU
		{4C810DB3-EC9F-4A70-AF4E-9970A9B92682}.Release|Any CPU.Build.0 = Release|Any CPU
		{C0578274-81EA-46AA-A8A1-E9A044183049}.Debug|Any CPU.ActiveCfg = Debug|Any CPU
		{C0578274-81EA-46AA-A8A1-E9A044183049}.Debug|Any CPU.Build.0 = Debug|Any CPU
		{C0578274-81EA-46AA-A8A1-E9A044183049}.Release|Any CPU.ActiveCfg = Release|Any CPU
		{C0578274-81EA-46AA-A8A1-E9A044183049}.Release|Any CPU.Build.0 = Release|Any CPU
		{DC4FF757-34C2-45C3-998A-75B1CBF74EF6}.Debug|Any CPU.ActiveCfg = Debug|Any CPU
		{DC4FF757-34C2-45C3-998A-75B1CBF74EF6}.Debug|Any CPU.Build.0 = Debug|Any CPU
		{DC4FF757-34C2-45C3-998A-75B1CBF74EF6}.Release|Any CPU.ActiveCfg = Release|Any CPU
		{DC4FF757-34C2-45C3-998A-75B1CBF74EF6}.Release|Any CPU.Build.0 = Release|Any CPU
		{B4404032-F371-44FD-B864-7FFFAA2A3710}.Debug|Any CPU.ActiveCfg = Debug|Any CPU
		{B4404032-F371-44FD-B864-7FFFAA2A3710}.Debug|Any CPU.Build.0 = Debug|Any CPU
		{B4404032-F371-44FD-B864-7FFFAA2A3710}.Release|Any CPU.ActiveCfg = Release|Any CPU
		{B4404032-F371-44FD-B864-7FFFAA2A3710}.Release|Any CPU.Build.0 = Release|Any CPU
	EndGlobalSection
	GlobalSection(SolutionProperties) = preSolution
		HideSolutionNode = FALSE
	EndGlobalSection
	GlobalSection(NestedProjects) = preSolution
		{32ABF870-E6D5-4769-9E51-548A42EA0CB1} = {2F8C4D81-B74F-4713-B2E4-B4DE750F59D3}
		{6971CEFE-B3D5-4BFA-9597-AC65D6D0C391} = {2F8C4D81-B74F-4713-B2E4-B4DE750F59D3}
		{772E11A4-8978-4E6F-85FB-9A091ACBCB4D} = {F4DAFAB6-9789-4B09-AEE1-C5F6126AD2DE}
		{A359FB9E-336A-480F-937D-008D3A8DBEBC} = {F4DAFAB6-9789-4B09-AEE1-C5F6126AD2DE}
		{872E799D-0DF2-4A54-94B8-071A36FF9FF1} = {A93256D1-255C-4190-96F1-37ED3EE3F8F9}
		{7CD39EFC-7A64-41FD-A769-FC2C6B667335} = {A93256D1-255C-4190-96F1-37ED3EE3F8F9}
		{0C5CC408-9CD7-4E4E-BC4E-053FC6EBED59} = {3CA911ED-ACDC-463F-B44A-8AFD250675A7}
		{19C20E86-3E04-4605-8A3C-121CA4090417} = {3CA911ED-ACDC-463F-B44A-8AFD250675A7}
		{35A8FEFC-1D70-44D4-8B0E-3F54566EA6F2} = {841F206E-4B65-4ED9-9FAB-1BBC79AE18FD}
		{67EC441E-62F8-431E-9245-C06EB4B6DA31} = {841F206E-4B65-4ED9-9FAB-1BBC79AE18FD}
		{4C810DB3-EC9F-4A70-AF4E-9970A9B92682} = {699B6C77-DD3F-460F-A590-D9701440CED0}
		{C0578274-81EA-46AA-A8A1-E9A044183049} = {699B6C77-DD3F-460F-A590-D9701440CED0}
		{DC4FF757-34C2-45C3-998A-75B1CBF74EF6} = {9DB8FA0C-C8B8-4A64-916B-2E26973F9425}
		{B4404032-F371-44FD-B864-7FFFAA2A3710} = {9DB8FA0C-C8B8-4A64-916B-2E26973F9425}
	EndGlobalSection
	GlobalSection(ExtensibilityGlobals) = postSolution
		SolutionGuid = {4D7F0665-FDAF-4AA4-99D8-C24B19A7B389}
	EndGlobalSection
EndGlobal
